// !$*UTF8*$!
{
	archiveVersion = 1;
	classes = {
	};
	objectVersion = 77;
	objects = {

/* Begin PBXContainerItemProxy section */
		8BA1742D2DAA8A7700B5B653 /* PBXContainerItemProxy */ = {
			isa = PBXContainerItemProxy;
			containerPortal = 8BA174172DAA8A7300B5B653 /* Project object */;
			proxyType = 1;
			remoteGlobalIDString = 8BA1741E2DAA8A7300B5B653;
			remoteInfo = "L2 Demo";
		};
		8BA174372DAA8A7700B5B653 /* PBXContainerItemProxy */ = {
			isa = PBXContainerItemProxy;
			containerPortal = 8BA174172DAA8A7300B5B653 /* Project object */;
			proxyType = 1;
			remoteGlobalIDString = 8BA1741E2DAA8A7300B5B653;
			remoteInfo = "L2 Demo";
		};
/* End PBXContainerItemProxy section */

/* Begin PBXFileReference section */
		8BA1741F2DAA8A7300B5B653 /* L2 Demo.app */ = {isa = PBXFileReference; explicitFileType = wrapper.application; includeInIndex = 0; path = "L2 Demo.app"; sourceTree = BUILT_PRODUCTS_DIR; };
		8BA1742C2DAA8A7700B5B653 /* L2 DemoTests.xctest */ = {isa = PBXFileReference; explicitFileType = wrapper.cfbundle; includeInIndex = 0; path = "L2 DemoTests.xctest"; sourceTree = BUILT_PRODUCTS_DIR; };
		8BA174362DAA8A7700B5B653 /* L2 DemoUITests.xctest */ = {isa = PBXFileReference; explicitFileType = wrapper.cfbundle; includeInIndex = 0; path = "L2 DemoUITests.xctest"; sourceTree = BUILT_PRODUCTS_DIR; };
/* End PBXFileReference section */

/* Begin PBXFileSystemSynchronizedRootGroup section */
		8BA174212DAA8A7300B5B653 /* L2 Demo */ = {
			isa = PBXFileSystemSynchronizedRootGroup;
			path = "L2 Demo";
			sourceTree = "<group>";
		};
		8BA1742F2DAA8A7700B5B653 /* L2 DemoTests */ = {
			isa = PBXFileSystemSynchronizedRootGroup;
			path = "L2 DemoTests";
			sourceTree = "<group>";
		};
		8BA174392DAA8A7700B5B653 /* L2 DemoUITests */ = {
			isa = PBXFileSystemSynchronizedRootGroup;
			path = "L2 DemoUITests";
			sourceTree = "<group>";
		};
/* End PBXFileSystemSynchronizedRootGroup section */

/* Begin PBXFrameworksBuildPhase section */
		8BA1741C2DAA8A7300B5B653 /* Frameworks */ = {
			isa = PBXFrameworksBuildPhase;
			buildActionMask = 2147483647;
			files = (
			);
			runOnlyForDeploymentPostprocessing = 0;
		};
		8BA174292DAA8A7700B5B653 /* Frameworks */ = {
			isa = PBXFrameworksBuildPhase;
			buildActionMask = 2147483647;
			files = (
			);
			runOnlyForDeploymentPostprocessing = 0;
		};
		8BA174332DAA8A7700B5B653 /* Frameworks */ = {
			isa = PBXFrameworksBuildPhase;
			buildActionMask = 2147483647;
			files = (
			);
			runOnlyForDeploymentPostprocessing = 0;
		};
/* End PBXFrameworksBuildPhase section */

/* Begin PBXGroup section */
		8BA174162DAA8A7300B5B653 = {
			isa = PBXGroup;
			children = (
				8BA174212DAA8A7300B5B653 /* L2 Demo */,
				8BA1742F2DAA8A7700B5B653 /* L2 DemoTests */,
				8BA174392DAA8A7700B5B653 /* L2 DemoUITests */,
				8BA174202DAA8A7300B5B653 /* Products */,
			);
			sourceTree = "<group>";
		};
		8BA174202DAA8A7300B5B653 /* Products */ = {
			isa = PBXGroup;
			children = (
				8BA1741F2DAA8A7300B5B653 /* L2 Demo.app */,
				8BA1742C2DAA8A7700B5B653 /* L2 DemoTests.xctest */,
				8BA174362DAA8A7700B5B653 /* L2 DemoUITests.xctest */,
			);
			name = Products;
			sourceTree = "<group>";
		};
/* End PBXGroup section */

/* Begin PBXNativeTarget section */
		8BA1741E2DAA8A7300B5B653 /* L2 Demo */ = {
			isa = PBXNativeTarget;
			buildConfigurationList = 8BA174402DAA8A7700B5B653 /* Build configuration list for PBXNativeTarget "L2 Demo" */;
			buildPhases = (
				8BA1741B2DAA8A7300B5B653 /* Sources */,
				8BA1741C2DAA8A7300B5B653 /* Frameworks */,
				8BA1741D2DAA8A7300B5B653 /* Resources */,
			);
			buildRules = (
			);
			dependencies = (
			);
			fileSystemSynchronizedGroups = (
				8BA174212DAA8A7300B5B653 /* L2 Demo */,
			);
			name = "L2 Demo";
			packageProductDependencies = (
			);
			productName = "L2 Demo";
			productReference = 8BA1741F2DAA8A7300B5B653 /* L2 Demo.app */;
			productType = "com.apple.product-type.application";
		};
		8BA1742B2DAA8A7700B5B653 /* L2 DemoTests */ = {
			isa = PBXNativeTarget;
			buildConfigurationList = 8BA174432DAA8A7700B5B653 /* Build configuration list for PBXNativeTarget "L2 DemoTests" */;
			buildPhases = (
				8BA174282DAA8A7700B5B653 /* Sources */,
				8BA174292DAA8A7700B5B653 /* Frameworks */,
				8BA1742A2DAA8A7700B5B653 /* Resources */,
			);
			buildRules = (
			);
			dependencies = (
				8BA1742E2DAA8A7700B5B653 /* PBXTargetDependency */,
			);
			fileSystemSynchronizedGroups = (
				8BA1742F2DAA8A7700B5B653 /* L2 DemoTests */,
			);
			name = "L2 DemoTests";
			packageProductDependencies = (
			);
			productName = "L2 DemoTests";
			productReference = 8BA1742C2DAA8A7700B5B653 /* L2 DemoTests.xctest */;
			productType = "com.apple.product-type.bundle.unit-test";
		};
		8BA174352DAA8A7700B5B653 /* L2 DemoUITests */ = {
			isa = PBXNativeTarget;
			buildConfigurationList = 8BA174462DAA8A7700B5B653 /* Build configuration list for PBXNativeTarget "L2 DemoUITests" */;
			buildPhases = (
				8BA174322DAA8A7700B5B653 /* Sources */,
				8BA174332DAA8A7700B5B653 /* Frameworks */,
				8BA174342DAA8A7700B5B653 /* Resources */,
			);
			buildRules = (
			);
			dependencies = (
				8BA174382DAA8A7700B5B653 /* PBXTargetDependency */,
			);
			fileSystemSynchronizedGroups = (
				8BA174392DAA8A7700B5B653 /* L2 DemoUITests */,
			);
			name = "L2 DemoUITests";
			packageProductDependencies = (
			);
			productName = "L2 DemoUITests";
			productReference = 8BA174362DAA8A7700B5B653 /* L2 DemoUITests.xctest */;
			productType = "com.apple.product-type.bundle.ui-testing";
		};
/* End PBXNativeTarget section */

/* Begin PBXProject section */
		8BA174172DAA8A7300B5B653 /* Project object */ = {
			isa = PBXProject;
			attributes = {
				BuildIndependentTargetsInParallel = 1;
				LastSwiftUpdateCheck = 1630;
				LastUpgradeCheck = 1630;
				TargetAttributes = {
					8BA1741E2DAA8A7300B5B653 = {
						CreatedOnToolsVersion = 16.3;
					};
					8BA1742B2DAA8A7700B5B653 = {
						CreatedOnToolsVersion = 16.3;
						TestTargetID = 8BA1741E2DAA8A7300B5B653;
					};
					8BA174352DAA8A7700B5B653 = {
						CreatedOnToolsVersion = 16.3;
						TestTargetID = 8BA1741E2DAA8A7300B5B653;
					};
				};
			};
			buildConfigurationList = 8BA1741A2DAA8A7300B5B653 /* Build configuration list for PBXProject "L2 Demo" */;
			developmentRegion = en;
			hasScannedForEncodings = 0;
			knownRegions = (
				en,
				Base,
			);
			mainGroup = 8BA174162DAA8A7300B5B653;
			minimizedProjectReferenceProxies = 1;
			preferredProjectObjectVersion = 77;
			productRefGroup = 8BA174202DAA8A7300B5B653 /* Products */;
			projectDirPath = "";
			projectRoot = "";
			targets = (
				8BA1741E2DAA8A7300B5B653 /* L2 Demo */,
				8BA1742B2DAA8A7700B5B653 /* L2 DemoTests */,
				8BA174352DAA8A7700B5B653 /* L2 DemoUITests */,
			);
		};
/* End PBXProject section */

/* Begin PBXResourcesBuildPhase section */
		8BA1741D2DAA8A7300B5B653 /* Resources */ = {
			isa = PBXResourcesBuildPhase;
			buildActionMask = 2147483647;
			files = (
			);
			runOnlyForDeploymentPostprocessing = 0;
		};
		8BA1742A2DAA8A7700B5B653 /* Resources */ = {
			isa = PBXResourcesBuildPhase;
			buildActionMask = 2147483647;
			files = (
			);
			runOnlyForDeploymentPostprocessing = 0;
		};
		8BA174342DAA8A7700B5B653 /* Resources */ = {
			isa = PBXResourcesBuildPhase;
			buildActionMask = 2147483647;
			files = (
			);
			runOnlyForDeploymentPostprocessing = 0;
		};
/* End PBXResourcesBuildPhase section */

/* Begin PBXSourcesBuildPhase section */
		8BA1741B2DAA8A7300B5B653 /* Sources */ = {
			isa = PBXSourcesBuildPhase;
			buildActionMask = 2147483647;
			files = (
			);
			runOnlyForDeploymentPostprocessing = 0;
		};
		8BA174282DAA8A7700B5B653 /* Sources */ = {
			isa = PBXSourcesBuildPhase;
			buildActionMask = 2147483647;
			files = (
			);
			runOnlyForDeploymentPostprocessing = 0;
		};
		8BA174322DAA8A7700B5B653 /* Sources */ = {
			isa = PBXSourcesBuildPhase;
			buildActionMask = 2147483647;
			files = (
			);
			runOnlyForDeploymentPostprocessing = 0;
		};
/* End PBXSourcesBuildPhase section */

/* Begin PBXTargetDependency section */
		8BA1742E2DAA8A7700B5B653 /* PBXTargetDependency */ = {
			isa = PBXTargetDependency;
			target = 8BA1741E2DAA8A7300B5B653 /* L2 Demo */;
			targetProxy = 8BA1742D2DAA8A7700B5B653 /* PBXContainerItemProxy */;
		};
		8BA174382DAA8A7700B5B653 /* PBXTargetDependency */ = {
			isa = PBXTargetDependency;
			target = 8BA1741E2DAA8A7300B5B653 /* L2 Demo */;
			targetProxy = 8BA174372DAA8A7700B5B653 /* PBXContainerItemProxy */;
		};
/* End PBXTargetDependency section */

/* Begin XCBuildConfiguration section */
		8BA1743E2DAA8A7700B5B653 /* Debug */ = {
			isa = XCBuildConfiguration;
			buildSettings = {
				ALWAYS_SEARCH_USER_PATHS = NO;
				ASSETCATALOG_COMPILER_GENERATE_SWIFT_ASSET_SYMBOL_EXTENSIONS = YES;
				CLANG_ANALYZER_NONNULL = YES;
				CLANG_ANALYZER_NUMBER_OBJECT_CONVERSION = YES_AGGRESSIVE;
				CLANG_CXX_LANGUAGE_STANDARD = "gnu++20";
				CLANG_ENABLE_MODULES = YES;
				CLANG_ENABLE_OBJC_ARC = YES;
				CLANG_ENABLE_OBJC_WEAK = YES;
				CLANG_WARN_BLOCK_CAPTURE_AUTORELEASING = YES;
				CLANG_WARN_BOOL_CONVERSION = YES;
				CLANG_WARN_COMMA = YES;
				CLANG_WARN_CONSTANT_CONVERSION = YES;
				CLANG_WARN_DEPRECATED_OBJC_IMPLEMENTATIONS = YES;
				CLANG_WARN_DIRECT_OBJC_ISA_USAGE = YES_ERROR;
				CLANG_WARN_DOCUMENTATION_COMMENTS = YES;
				CLANG_WARN_EMPTY_BODY = YES;
				CLANG_WARN_ENUM_CONVERSION = YES;
				CLANG_WARN_INFINITE_RECURSION = YES;
				CLANG_WARN_INT_CONVERSION = YES;
				CLANG_WARN_NON_LITERAL_NULL_CONVERSION = YES;
				CLANG_WARN_OBJC_IMPLICIT_RETAIN_SELF = YES;
				CLANG_WARN_OBJC_LITERAL_CONVERSION = YES;
				CLANG_WARN_OBJC_ROOT_CLASS = YES_ERROR;
				CLANG_WARN_QUOTED_INCLUDE_IN_FRAMEWORK_HEADER = YES;
				CLANG_WARN_RANGE_LOOP_ANALYSIS = YES;
				CLANG_WARN_STRICT_PROTOTYPES = YES;
				CLANG_WARN_SUSPICIOUS_MOVE = YES;
				CLANG_WARN_UNGUARDED_AVAILABILITY = YES_AGGRESSIVE;
				CLANG_WARN_UNREACHABLE_CODE = YES;
				CLANG_WARN__DUPLICATE_METHOD_MATCH = YES;
				COPY_PHASE_STRIP = NO;
				DEBUG_INFORMATION_FORMAT = dwarf;
				ENABLE_STRICT_OBJC_MSGSEND = YES;
				ENABLE_TESTABILITY = YES;
				ENABLE_USER_SCRIPT_SANDBOXING = YES;
				GCC_C_LANGUAGE_STANDARD = gnu17;
				GCC_DYNAMIC_NO_PIC = NO;
				GCC_NO_COMMON_BLOCKS = YES;
				GCC_OPTIMIZATION_LEVEL = 0;
				GCC_PREPROCESSOR_DEFINITIONS = (
					"DEBUG=1",
					"$(inherited)",
				);
				GCC_WARN_64_TO_32_BIT_CONVERSION = YES;
				GCC_WARN_ABOUT_RETURN_TYPE = YES_ERROR;
				GCC_WARN_UNDECLARED_SELECTOR = YES;
				GCC_WARN_UNINITIALIZED_AUTOS = YES_AGGRESSIVE;
				GCC_WARN_UNUSED_FUNCTION = YES;
				GCC_WARN_UNUSED_VARIABLE = YES;
				IPHONEOS_DEPLOYMENT_TARGET = 18.4;
				LOCALIZATION_PREFERS_STRING_CATALOGS = YES;
				MTL_ENABLE_DEBUG_INFO = INCLUDE_SOURCE;
				MTL_FAST_MATH = YES;
				ONLY_ACTIVE_ARCH = YES;
				SDKROOT = iphoneos;
				SWIFT_ACTIVE_COMPILATION_CONDITIONS = "DEBUG $(inherited)";
				SWIFT_OPTIMIZATION_LEVEL = "-Onone";
			};
			name = Debug;
		};
		8BA1743F2DAA8A7700B5B653 /* Release */ = {
			isa = XCBuildConfiguration;
			buildSettings = {
				ALWAYS_SEARCH_USER_PATHS = NO;
				ASSETCATALOG_COMPILER_GENERATE_SWIFT_ASSET_SYMBOL_EXTENSIONS = YES;
				CLANG_ANALYZER_NONNULL = YES;
				CLANG_ANALYZER_NUMBER_OBJECT_CONVERSION = YES_AGGRESSIVE;
				CLANG_CXX_LANGUAGE_STANDARD = "gnu++20";
				CLANG_ENABLE_MODULES = YES;
				CLANG_ENABLE_OBJC_ARC = YES;
				CLANG_ENABLE_OBJC_WEAK = YES;
				CLANG_WARN_BLOCK_CAPTURE_AUTORELEASING = YES;
				CLANG_WARN_BOOL_CONVERSION = YES;
				CLANG_WARN_COMMA = YES;
				CLANG_WARN_CONSTANT_CONVERSION = YES;
				CLANG_WARN_DEPRECATED_OBJC_IMPLEMENTATIONS = YES;
				CLANG_WARN_DIRECT_OBJC_ISA_USAGE = YES_ERROR;
				CLANG_WARN_DOCUMENTATION_COMMENTS = YES;
				CLANG_WARN_EMPTY_BODY = YES;
				CLANG_WARN_ENUM_CONVERSION = YES;
				CLANG_WARN_INFINITE_RECURSION = YES;
				CLANG_WARN_INT_CONVERSION = YES;
				CLANG_WARN_NON_LITERAL_NULL_CONVERSION = YES;
				CLANG_WARN_OBJC_IMPLICIT_RETAIN_SELF = YES;
				CLANG_WARN_OBJC_LITERAL_CONVERSION = YES;
				CLANG_WARN_OBJC_ROOT_CLASS = YES_ERROR;
				CLANG_WARN_QUOTED_INCLUDE_IN_FRAMEWORK_HEADER = YES;
				CLANG_WARN_RANGE_LOOP_ANALYSIS = YES;
				CLANG_WARN_STRICT_PROTOTYPES = YES;
				CLANG_WARN_SUSPICIOUS_MOVE = YES;
				CLANG_WARN_UNGUARDED_AVAILABILITY = YES_AGGRESSIVE;
				CLANG_WARN_UNREACHABLE_CODE = YES;
				CLANG_WARN__DUPLICATE_METHOD_MATCH = YES;
				COPY_PHASE_STRIP = NO;
				DEBUG_INFORMATION_FORMAT = "dwarf-with-dsym";
				ENABLE_NS_ASSERTIONS = NO;
				ENABLE_STRICT_OBJC_MSGSEND = YES;
				ENABLE_USER_SCRIPT_SANDBOXING = YES;
				GCC_C_LANGUAGE_STANDARD = gnu17;
				GCC_NO_COMMON_BLOCKS = YES;
				GCC_WARN_64_TO_32_BIT_CONVERSION = YES;
				GCC_WARN_ABOUT_RETURN_TYPE = YES_ERROR;
				GCC_WARN_UNDECLARED_SELECTOR = YES;
				GCC_WARN_UNINITIALIZED_AUTOS = YES_AGGRESSIVE;
				GCC_WARN_UNUSED_FUNCTION = YES;
				GCC_WARN_UNUSED_VARIABLE = YES;
				IPHONEOS_DEPLOYMENT_TARGET = 18.4;
				LOCALIZATION_PREFERS_STRING_CATALOGS = YES;
				MTL_ENABLE_DEBUG_INFO = NO;
				MTL_FAST_MATH = YES;
				SDKROOT = iphoneos;
				SWIFT_COMPILATION_MODE = wholemodule;
				VALIDATE_PRODUCT = YES;
			};
			name = Release;
		};
		8BA174412DAA8A7700B5B653 /* Debug */ = {
			isa = XCBuildConfiguration;
			buildSettings = {
				ASSETCATALOG_COMPILER_APPICON_NAME = AppIcon;
				ASSETCATALOG_COMPILER_GLOBAL_ACCENT_COLOR_NAME = AccentColor;
				CODE_SIGN_STYLE = Automatic;
				CURRENT_PROJECT_VERSION = 1;
				ENABLE_PREVIEWS = YES;
				GENERATE_INFOPLIST_FILE = YES;
				INFOPLIST_KEY_UIApplicationSceneManifest_Generation = YES;
				INFOPLIST_KEY_UIApplicationSupportsIndirectInputEvents = YES;
				INFOPLIST_KEY_UILaunchScreen_Generation = YES;
				INFOPLIST_KEY_UISupportedInterfaceOrientations_iPad = "UIInterfaceOrientationPortrait UIInterfaceOrientationPortraitUpsideDown UIInterfaceOrientationLandscapeLeft UIInterfaceOrientationLandscapeRight";
				INFOPLIST_KEY_UISupportedInterfaceOrientations_iPhone = "UIInterfaceOrientationPortrait UIInterfaceOrientationLandscapeLeft UIInterfaceOrientationLandscapeRight";
				LD_RUNPATH_SEARCH_PATHS = (
					"$(inherited)",
					"@executable_path/Frameworks",
				);
				MARKETING_VERSION = 1.0;
				PRODUCT_BUNDLE_IDENTIFIER = "com.angelom.L2-Demo";
				PRODUCT_NAME = "$(TARGET_NAME)";
				SWIFT_EMIT_LOC_STRINGS = YES;
				SWIFT_VERSION = 5.0;
				TARGETED_DEVICE_FAMILY = "1,2";
			};
			name = Debug;
		};
		8BA174422DAA8A7700B5B653 /* Release */ = {
			isa = XCBuildConfiguration;
			buildSettings = {
				ASSETCATALOG_COMPILER_APPICON_NAME = AppIcon;
				ASSETCATALOG_COMPILER_GLOBAL_ACCENT_COLOR_NAME = AccentColor;
				CODE_SIGN_STYLE = Automatic;
				CURRENT_PROJECT_VERSION = 1;
				ENABLE_PREVIEWS = YES;
				GENERATE_INFOPLIST_FILE = YES;
				INFOPLIST_KEY_UIApplicationSceneManifest_Generation = YES;
				INFOPLIST_KEY_UIApplicationSupportsIndirectInputEvents = YES;
				INFOPLIST_KEY_UILaunchScreen_Generation = YES;
				INFOPLIST_KEY_UISupportedInterfaceOrientations_iPad = "UIInterfaceOrientationPortrait UIInterfaceOrientationPortraitUpsideDown UIInterfaceOrientationLandscapeLeft UIInterfaceOrientationLandscapeRight";
				INFOPLIST_KEY_UISupportedInterfaceOrientations_iPhone = "UIInterfaceOrientationPortrait UIInterfaceOrientationLandscapeLeft UIInterfaceOrientationLandscapeRight";
				LD_RUNPATH_SEARCH_PATHS = (
					"$(inherited)",
					"@executable_path/Frameworks",
				);
				MARKETING_VERSION = 1.0;
				PRODUCT_BUNDLE_IDENTIFIER = "com.angelom.L2-Demo";
				PRODUCT_NAME = "$(TARGET_NAME)";
				SWIFT_EMIT_LOC_STRINGS = YES;
				SWIFT_VERSION = 5.0;
				TARGETED_DEVICE_FAMILY = "1,2";
			};
			name = Release;
		};
		8BA174442DAA8A7700B5B653 /* Debug */ = {
			isa = XCBuildConfiguration;
			buildSettings = {
				BUNDLE_LOADER = "$(TEST_HOST)";
				CODE_SIGN_STYLE = Automatic;
				CURRENT_PROJECT_VERSION = 1;
				GENERATE_INFOPLIST_FILE = YES;
				IPHONEOS_DEPLOYMENT_TARGET = 18.4;
				MARKETING_VERSION = 1.0;
				PRODUCT_BUNDLE_IDENTIFIER = "com.angelom.L2-DemoTests";
				PRODUCT_NAME = "$(TARGET_NAME)";
				SWIFT_EMIT_LOC_STRINGS = NO;
				SWIFT_VERSION = 5.0;
				TARGETED_DEVICE_FAMILY = "1,2";
				TEST_HOST = "$(BUILT_PRODUCTS_DIR)/L2 Demo.app/$(BUNDLE_EXECUTABLE_FOLDER_PATH)/L2 Demo";
			};
			name = Debug;
		};
		8BA174452DAA8A7700B5B653 /* Release */ = {
			isa = XCBuildConfiguration;
			buildSettings = {
				BUNDLE_LOADER = "$(TEST_HOST)";
				CODE_SIGN_STYLE = Automatic;
				CURRENT_PROJECT_VERSION = 1;
				GENERATE_INFOPLIST_FILE = YES;
				IPHONEOS_DEPLOYMENT_TARGET = 18.4;
				MARKETING_VERSION = 1.0;
				PRODUCT_BUNDLE_IDENTIFIER = "com.angelom.L2-DemoTests";
				PRODUCT_NAME = "$(TARGET_NAME)";
				SWIFT_EMIT_LOC_STRINGS = NO;
				SWIFT_VERSION = 5.0;
				TARGETED_DEVICE_FAMILY = "1,2";
				TEST_HOST = "$(BUILT_PRODUCTS_DIR)/L2 Demo.app/$(BUNDLE_EXECUTABLE_FOLDER_PATH)/L2 Demo";
			};
			name = Release;
		};
		8BA174472DAA8A7700B5B653 /* Debug */ = {
			isa = XCBuildConfiguration;
			buildSettings = {
				CODE_SIGN_STYLE = Automatic;
				CURRENT_PROJECT_VERSION = 1;
				GENERATE_INFOPLIST_FILE = YES;
				MARKETING_VERSION = 1.0;
				PRODUCT_BUNDLE_IDENTIFIER = "com.angelom.L2-DemoUITests";
				PRODUCT_NAME = "$(TARGET_NAME)";
				SWIFT_EMIT_LOC_STRINGS = NO;
				SWIFT_VERSION = 5.0;
				TARGETED_DEVICE_FAMILY = "1,2";
				TEST_TARGET_NAME = "L2 Demo";
			};
			name = Debug;
		};
		8BA174482DAA8A7700B5B653 /* Release */ = {
			isa = XCBuildConfiguration;
			buildSettings = {
				CODE_SIGN_STYLE = Automatic;
				CURRENT_PROJECT_VERSION = 1;
				GENERATE_INFOPLIST_FILE = YES;
				MARKETING_VERSION = 1.0;
				PRODUCT_BUNDLE_IDENTIFIER = "com.angelom.L2-DemoUITests";
				PRODUCT_NAME = "$(TARGET_NAME)";
				SWIFT_EMIT_LOC_STRINGS = NO;
				SWIFT_VERSION = 5.0;
				TARGETED_DEVICE_FAMILY = "1,2";
				TEST_TARGET_NAME = "L2 Demo";
			};
			name = Release;
		};
/* End XCBuildConfiguration section */

/* Begin XCConfigurationList section */
		8BA1741A2DAA8A7300B5B653 /* Build configuration list for PBXProject "L2 Demo" */ = {
			isa = XCConfigurationList;
			buildConfigurations = (
				8BA1743E2DAA8A7700B5B653 /* Debug */,
				8BA1743F2DAA8A7700B5B653 /* Release */,
			);
			defaultConfigurationIsVisible = 0;
			defaultConfigurationName = Release;
		};
		8BA174402DAA8A7700B5B653 /* Build configuration list for PBXNativeTarget "L2 Demo" */ = {
			isa = XCConfigurationList;
			buildConfigurations = (
				8BA174412DAA8A7700B5B653 /* Debug */,
				8BA174422DAA8A7700B5B653 /* Release */,
			);
			defaultConfigurationIsVisible = 0;
			defaultConfigurationName = Release;
		};
		8BA174432DAA8A7700B5B653 /* Build configuration list for PBXNativeTarget "L2 DemoTests" */ = {
			isa = XCConfigurationList;
			buildConfigurations = (
				8BA174442DAA8A7700B5B653 /* Debug */,
				8BA174452DAA8A7700B5B653 /* Release */,
			);
			defaultConfigurationIsVisible = 0;
			defaultConfigurationName = Release;
		};
		8BA174462DAA8A7700B5B653 /* Build configuration list for PBXNativeTarget "L2 DemoUITests" */ = {
			isa = XCConfigurationList;
			buildConfigurations = (
				8BA174472DAA8A7700B5B653 /* Debug */,
				8BA174482DAA8A7700B5B653 /* Release */,
			);
			defaultConfigurationIsVisible = 0;
			defaultConfigurationName = Release;
		};
/* End XCConfigurationList section */
	};
	rootObject = 8BA174172DAA8A7300B5B653 /* Project object */;
}
